
Microsoft Visual Studio Solution File, Format Version 12.00
# Visual Studio Version 16
VisualStudioVersion = 16.0.31305.154
MinimumVisualStudioVersion = 10.0.40219.1
Project("{FAE04EC0-301F-11D3-BF4B-00C04F79EFBC}") = "BlazorGitAct", "BlazorGitAct\BlazorGitAct.csproj", "{9F5170F4-4DF0-472E-A28E-D5774BCD32E5}"
EndProject
Global
	GlobalSection(SolutionConfigurationPlatforms) = preSolution
		Debug|Any CPU = Debug|Any CPU
		Release|Any CPU = Release|Any CPU
	EndGlobalSection
	GlobalSection(ProjectConfigurationPlatforms) = postSolution
		{9F5170F4-4DF0-472E-A28E-D5774BCD32E5}.Debug|Any CPU.ActiveCfg = Debug|Any CPU
		{9F5170F4-4DF0-472E-A28E-D5774BCD32E5}.Debug|Any CPU.Build.0 = Debug|Any CPU
		{9F5170F4-4DF0-472E-A28E-D5774BCD32E5}.Release|Any CPU.ActiveCfg = Release|Any CPU
		{9F5170F4-4DF0-472E-A28E-D5774BCD32E5}.Release|Any CPU.Build.0 = Release|Any CPU
	EndGlobalSection
	GlobalSection(SolutionProperties) = preSolution
		HideSolutionNode = FALSE
	EndGlobalSection
	GlobalSection(ExtensibilityGlobals) = postSolution
		SolutionGuid = {4A1DF1BD-5DA6-4C35-A64F-ECFDC73F2AFF}
	EndGlobalSection
EndGlobal
